
Microsoft Visual Studio Solution File, Format Version 12.00
# Visual Studio Version 16
VisualStudioVersion = 16.0.29102.190
MinimumVisualStudioVersion = 10.0.40219.1
Project("{FAE04EC0-301F-11D3-BF4B-00C04F79EFBC}") = "Myformsapplication", "Myformsapplication\Myformsapplication.csproj", "{73FB1BD7-ED1C-4263-B9BE-92EE6F56FD2B}"
EndProject
Project("{FAE04EC0-301F-11D3-BF4B-00C04F79EFBC}") = "MyClassLibrary", "MyClassLibrary\MyClassLibrary.csproj", "{3D6F5930-42F3-490D-A2B7-E1D5EA66FED7}"
EndProject
Project("{FAE04EC0-301F-11D3-BF4B-00C04F79EFBC}") = "ConsoleApplication", "ConsoleApplication\ConsoleApplication.csproj", "{866443F9-F0DC-4233-B30A-BD3BE2241391}"
EndProject
Global
	GlobalSection(SolutionConfigurationPlatforms) = preSolution
		Debug|Any CPU = Debug|Any CPU
		Release|Any CPU = Release|Any CPU
	EndGlobalSection
	GlobalSection(ProjectConfigurationPlatforms) = postSolution
		{73FB1BD7-ED1C-4263-B9BE-92EE6F56FD2B}.Debug|Any CPU.ActiveCfg = Debug|Any CPU
		{73FB1BD7-ED1C-4263-B9BE-92EE6F56FD2B}.Debug|Any CPU.Build.0 = Debug|Any CPU
		{73FB1BD7-ED1C-4263-B9BE-92EE6F56FD2B}.Release|Any CPU.ActiveCfg = Release|Any CPU
		{73FB1BD7-ED1C-4263-B9BE-92EE6F56FD2B}.Release|Any CPU.Build.0 = Release|Any CPU
		{3D6F5930-42F3-490D-A2B7-E1D5EA66FED7}.Debug|Any CPU.ActiveCfg = Debug|Any CPU
		{3D6F5930-42F3-490D-A2B7-E1D5EA66FED7}.Debug|Any CPU.Build.0 = Debug|Any CPU
		{3D6F5930-42F3-490D-A2B7-E1D5EA66FED7}.Release|Any CPU.ActiveCfg = Release|Any CPU
		{3D6F5930-42F3-490D-A2B7-E1D5EA66FED7}.Release|Any CPU.Build.0 = Release|Any CPU
		{866443F9-F0DC-4233-B30A-BD3BE2241391}.Debug|Any CPU.ActiveCfg = Debug|Any CPU
		{866443F9-F0DC-4233-B30A-BD3BE2241391}.Debug|Any CPU.Build.0 = Debug|Any CPU
		{866443F9-F0DC-4233-B30A-BD3BE2241391}.Release|Any CPU.ActiveCfg = Release|Any CPU
		{866443F9-F0DC-4233-B30A-BD3BE2241391}.Release|Any CPU.Build.0 = Release|Any CPU
	EndGlobalSection
	GlobalSection(SolutionProperties) = preSolution
		HideSolutionNode = FALSE
	EndGlobalSection
	GlobalSection(ExtensibilityGlobals) = postSolution
		SolutionGuid = {17FCD4CF-48DD-45EE-A9F0-68C2329062D1}
	EndGlobalSection
EndGlobal
